
Microsoft Visual Studio Solution File, Format Version 12.00
# Visual Studio Version 16
VisualStudioVersion = 16.0.29609.76
MinimumVisualStudioVersion = 10.0.40219.1
Project("{FAE04EC0-301F-11D3-BF4B-00C04F79EFBC}") = "ExampleIntefaces", "ExampleIntefaces\ExampleIntefaces.csproj", "{BF484096-83CE-4BD0-9C33-CB7226C9D83B}"
EndProject
Global
	GlobalSection(SolutionConfigurationPlatforms) = preSolution
		Debug|Any CPU = Debug|Any CPU
		Release|Any CPU = Release|Any CPU
	EndGlobalSection
	GlobalSection(ProjectConfigurationPlatforms) = postSolution
		{BF484096-83CE-4BD0-9C33-CB7226C9D83B}.Debug|Any CPU.ActiveCfg = Debug|Any CPU
		{BF484096-83CE-4BD0-9C33-CB7226C9D83B}.Debug|Any CPU.Build.0 = Debug|Any CPU
		{BF484096-83CE-4BD0-9C33-CB7226C9D83B}.Release|Any CPU.ActiveCfg = Release|Any CPU
		{BF484096-83CE-4BD0-9C33-CB7226C9D83B}.Release|Any CPU.Build.0 = Release|Any CPU
	EndGlobalSection
	GlobalSection(SolutionProperties) = preSolution
		HideSolutionNode = FALSE
	EndGlobalSection
	GlobalSection(ExtensibilityGlobals) = postSolution
		SolutionGuid = {6A5968BC-5290-4E0C-BE0D-7F28D21A44BD}
	EndGlobalSection
EndGlobal
